{
  "name": "Project-1",
  "lockfileVersion": 2,
  "requires": true,
  "packages": {
    "": {
      "dependencies": {
        "leaflet.locatecontrol": "^0.79.0"
      }
    },
    "node_modules/leaflet.locatecontrol": {
      "version": "0.79.0",
      "resolved": "https://registry.npmjs.org/leaflet.locatecontrol/-/leaflet.locatecontrol-0.79.0.tgz",
      "integrity": "sha512-h64QIHFkypYdr90lkSfjKvPvvk8/b8UnP3m9WuoWdp5p2AaCWC0T1NVwyuj4rd5U4fBW3tQt4ppmZ2LceHMIDg=="
    }
  },
  "dependencies": {
    "leaflet.locatecontrol": {
      "version": "0.79.0",
      "resolved": "https://registry.npmjs.org/leaflet.locatecontrol/-/leaflet.locatecontrol-0.79.0.tgz",
      "integrity": "sha512-h64QIHFkypYdr90lkSfjKvPvvk8/b8UnP3m9WuoWdp5p2AaCWC0T1NVwyuj4rd5U4fBW3tQt4ppmZ2LceHMIDg=="
    }
  }
}
